
Microsoft Visual Studio Solution File, Format Version 12.00
# Visual Studio 15
VisualStudioVersion = 15.0.28307.136
MinimumVisualStudioVersion = 10.0.40219.1
Project("{FAE04EC0-301F-11D3-BF4B-00C04F79EFBC}") = "AdventOfCode2018", "AdventOfCode2018\AdventOfCode2018.csproj", "{A9FA5F47-E88B-441A-8F1A-ABAE0AD9C5B8}"
EndProject
Global
	GlobalSection(SolutionConfigurationPlatforms) = preSolution
		Debug|Any CPU = Debug|Any CPU
		Release|Any CPU = Release|Any CPU
	EndGlobalSection
	GlobalSection(ProjectConfigurationPlatforms) = postSolution
		{A9FA5F47-E88B-441A-8F1A-ABAE0AD9C5B8}.Debug|Any CPU.ActiveCfg = Debug|Any CPU
		{A9FA5F47-E88B-441A-8F1A-ABAE0AD9C5B8}.Debug|Any CPU.Build.0 = Debug|Any CPU
		{A9FA5F47-E88B-441A-8F1A-ABAE0AD9C5B8}.Release|Any CPU.ActiveCfg = Release|Any CPU
		{A9FA5F47-E88B-441A-8F1A-ABAE0AD9C5B8}.Release|Any CPU.Build.0 = Release|Any CPU
	EndGlobalSection
	GlobalSection(SolutionProperties) = preSolution
		HideSolutionNode = FALSE
	EndGlobalSection
	GlobalSection(ExtensibilityGlobals) = postSolution
		SolutionGuid = {5E82F066-4CC7-4134-B9F6-7751EBA12003}
	EndGlobalSection
EndGlobal
