
Microsoft Visual Studio Solution File, Format Version 12.00
# Visual Studio 15
VisualStudioVersion = 15.0.28307.136
MinimumVisualStudioVersion = 10.0.40219.1
Project("{FAE04EC0-301F-11D3-BF4B-00C04F79EFBC}") = "ConsoleApp1", "ConsoleApp1\ConsoleApp1.csproj", "{1B52D8C9-08C2-4D20-B86F-408770573ACB}"
EndProject
Global
	GlobalSection(SolutionConfigurationPlatforms) = preSolution
		Debug|Any CPU = Debug|Any CPU
		Release|Any CPU = Release|Any CPU
	EndGlobalSection
	GlobalSection(ProjectConfigurationPlatforms) = postSolution
		{1B52D8C9-08C2-4D20-B86F-408770573ACB}.Debug|Any CPU.ActiveCfg = Debug|Any CPU
		{1B52D8C9-08C2-4D20-B86F-408770573ACB}.Debug|Any CPU.Build.0 = Debug|Any CPU
		{1B52D8C9-08C2-4D20-B86F-408770573ACB}.Release|Any CPU.ActiveCfg = Release|Any CPU
		{1B52D8C9-08C2-4D20-B86F-408770573ACB}.Release|Any CPU.Build.0 = Release|Any CPU
	EndGlobalSection
	GlobalSection(SolutionProperties) = preSolution
		HideSolutionNode = FALSE
	EndGlobalSection
	GlobalSection(ExtensibilityGlobals) = postSolution
		SolutionGuid = {3B66F308-3183-4420-97F8-4ECDE598E10B}
	EndGlobalSection
EndGlobal
